// !$*UTF8*$!
{
	archiveVersion = 1;
	classes = {
	};
	objectVersion = 46;
	objects = {

/* Begin PBXBuildFile section */
		ACD22E8D1F46461B0056E0D2 /* AppDelegate.swift in Sources */ = {isa = PBXBuildFile; fileRef = ACD22E8C1F46461B0056E0D2 /* AppDelegate.swift */; };
		ACD22E8F1F46461B0056E0D2 /* ViewController.swift in Sources */ = {isa = PBXBuildFile; fileRef = ACD22E8E1F46461B0056E0D2 /* ViewController.swift */; };
		ACD22E921F46461B0056E0D2 /* Main.storyboard in Resources */ = {isa = PBXBuildFile; fileRef = ACD22E901F46461B0056E0D2 /* Main.storyboard */; };
		ACD22E941F46461B0056E0D2 /* Assets.xcassets in Resources */ = {isa = PBXBuildFile; fileRef = ACD22E931F46461B0056E0D2 /* Assets.xcassets */; };
		ACD22E971F46461B0056E0D2 /* LaunchScreen.storyboard in Resources */ = {isa = PBXBuildFile; fileRef = ACD22E951F46461B0056E0D2 /* LaunchScreen.storyboard */; };
/* End PBXBuildFile section */

/* Begin PBXFileReference section */
		ACD22E891F46461B0056E0D2 /* certreminder.app */ = {isa = PBXFileReference; explicitFileType = wrapper.application; includeInIndex = 0; path = certreminder.app; sourceTree = BUILT_PRODUCTS_DIR; };
		ACD22E8C1F46461B0056E0D2 /* AppDelegate.swift */ = {isa = PBXFileReference; lastKnownFileType = sourcecode.swift; path = AppDelegate.swift; sourceTree = "<group>"; };
		ACD22E8E1F46461B0056E0D2 /* ViewController.swift */ = {isa = PBXFileReference; lastKnownFileType = sourcecode.swift; path = ViewController.swift; sourceTree = "<group>"; };
		ACD22E911F46461B0056E0D2 /* Base */ = {isa = PBXFileReference; lastKnownFileType = file.storyboard; name = Base; path = Base.lproj/Main.storyboard; sourceTree = "<group>"; };
		ACD22E931F46461B0056E0D2 /* Assets.xcassets */ = {isa = PBXFileReference; lastKnownFileType = folder.assetcatalog; path = Assets.xcassets; sourceTree = "<group>"; };
		ACD22E961F46461B0056E0D2 /* Base */ = {isa = PBXFileReference; lastKnownFileType = file.storyboard; name = Base; path = Base.lproj/LaunchScreen.storyboard; sourceTree = "<group>"; };
		ACD22E981F46461B0056E0D2 /* Info.plist */ = {isa = PBXFileReference; lastKnownFileType = text.plist.xml; path = Info.plist; sourceTree = "<group>"; };
/* End PBXFileReference section */

/* Begin PBXFrameworksBuildPhase section */
		ACD22E861F46461B0056E0D2 /* Frameworks */ = {
			isa = PBXFrameworksBuildPhase;
			buildActionMask = 2147483647;
			files = (
			);
			runOnlyForDeploymentPostprocessing = 0;
		};
/* End PBXFrameworksBuildPhase section */

/* Begin PBXGroup section */
		ACD22E801F46461B0056E0D2 = {
			isa = PBXGroup;
			children = (
				ACD22E8B1F46461B0056E0D2 /* certreminder */,
				ACD22E8A1F46461B0056E0D2 /* Products */,
			);
			sourceTree = "<group>";
		};
		ACD22E8A1F46461B0056E0D2 /* Products */ = {
			isa = PBXGroup;
			children = (
				ACD22E891F46461B0056E0D2 /* certreminder.app */,
			);
			name = Products;
			sourceTree = "<group>";
		};
		ACD22E8B1F46461B0056E0D2 /* certreminder */ = {
			isa = PBXGroup;
			children = (
				ACD22E8C1F46461B0056E0D2 /* AppDelegate.swift */,
				ACD22E8E1F46461B0056E0D2 /* ViewController.swift */,
				ACD22E901F46461B0056E0D2 /* Main.storyboard */,
				ACD22E931F46461B0056E0D2 /* Assets.xcassets */,
				ACD22E951F46461B0056E0D2 /* LaunchScreen.storyboard */,
				ACD22E981F46461B0056E0D2 /* Info.plist */,
			);
			path = certreminder;
			sourceTree = "<group>";
		};
/* End PBXGroup section */

/* Begin PBXNativeTarget section */
		ACD22E881F46461B0056E0D2 /* certreminder */ = {
			isa = PBXNativeTarget;
			buildConfigurationList = ACD22E9B1F46461B0056E0D2 /* Build configuration list for PBXNativeTarget "certreminder" */;
			buildPhases = (
				ACD22E851F46461B0056E0D2 /* Sources */,
				ACD22E861F46461B0056E0D2 /* Frameworks */,
				ACD22E871F46461B0056E0D2 /* Resources */,
			);
			buildRules = (
			);
			dependencies = (
			);
			name = certreminder;
			productName = certreminder;
			productReference = ACD22E891F46461B0056E0D2 /* certreminder.app */;
			productType = "com.apple.product-type.application";
		};
/* End PBXNativeTarget section */

/* Begin PBXProject section */
		ACD22E811F46461B0056E0D2 /* Project object */ = {
			isa = PBXProject;
			attributes = {
				LastSwiftUpdateCheck = 0830;
				LastUpgradeCheck = 0830;
				ORGANIZATIONNAME = "Viktor Yamchinov";
				TargetAttributes = {
					ACD22E881F46461B0056E0D2 = {
						CreatedOnToolsVersion = 8.3.3;
						ProvisioningStyle = Automatic;
					};
				};
			};
			buildConfigurationList = ACD22E841F46461B0056E0D2 /* Build configuration list for PBXProject "certreminder" */;
			compatibilityVersion = "Xcode 3.2";
			developmentRegion = English;
			hasScannedForEncodings = 0;
			knownRegions = (
				en,
				Base,
			);
			mainGroup = ACD22E801F46461B0056E0D2;
			productRefGroup = ACD22E8A1F46461B0056E0D2 /* Products */;
			projectDirPath = "";
			projectRoot = "";
			targets = (
				ACD22E881F46461B0056E0D2 /* certreminder */,
			);
		};
/* End PBXProject section */

/* Begin PBXResourcesBuildPhase section */
		ACD22E871F46461B0056E0D2 /* Resources */ = {
			isa = PBXResourcesBuildPhase;
			buildActionMask = 2147483647;
			files = (
				ACD22E971F46461B0056E0D2 /* LaunchScreen.storyboard in Resources */,
				ACD22E941F46461B0056E0D2 /* Assets.xcassets in Resources */,
				ACD22E921F46461B0056E0D2 /* Main.storyboard in Resources */,
			);
			runOnlyForDeploymentPostprocessing = 0;
		};
/* End PBXResourcesBuildPhase section */

/* Begin PBXSourcesBuildPhase section */
		ACD22E851F46461B0056E0D2 /* Sources */ = {
			isa = PBXSourcesBuildPhase;
			buildActionMask = 2147483647;
			files = (
				ACD22E8F1F46461B0056E0D2 /* ViewController.swift in Sources */,
				ACD22E8D1F46461B0056E0D2 /* AppDelegate.swift in Sources */,
			);
			runOnlyForDeploymentPostprocessing = 0;
		};
/* End PBXSourcesBuildPhase section */

/* Begin PBXVariantGroup section */
		ACD22E901F46461B0056E0D2 /* Main.storyboard */ = {
			isa = PBXVariantGroup;
			children = (
				ACD22E911F46461B0056E0D2 /* Base */,
			);
			name = Main.storyboard;
			sourceTree = "<group>";
		};
		ACD22E951F46461B0056E0D2 /* LaunchScreen.storyboard */ = {
			isa = PBXVariantGroup;
			children = (
				ACD22E961F46461B0056E0D2 /* Base */,
			);
			name = LaunchScreen.storyboard;
			sourceTree = "<group>";
		};
/* End PBXVariantGroup section */

/* Begin XCBuildConfiguration section */
		ACD22E991F46461B0056E0D2 /* Debug */ = {
			isa = XCBuildConfiguration;
			buildSettings = {
				ALWAYS_SEARCH_USER_PATHS = NO;
				CLANG_ANALYZER_NONNULL = YES;
				CLANG_ANALYZER_NUMBER_OBJECT_CONVERSION = YES_AGGRESSIVE;
				CLANG_CXX_LANGUAGE_STANDARD = "gnu++0x";
				CLANG_CXX_LIBRARY = "libc++";
				CLANG_ENABLE_MODULES = YES;
				CLANG_ENABLE_OBJC_ARC = YES;
				CLANG_WARN_BOOL_CONVERSION = YES;
				CLANG_WARN_CONSTANT_CONVERSION = YES;
				CLANG_WARN_DIRECT_OBJC_ISA_USAGE = YES_ERROR;
				CLANG_WARN_DOCUMENTATION_COMMENTS = YES;
				CLANG_WARN_EMPTY_BODY = YES;
				CLANG_WARN_ENUM_CONVERSION = YES;
				CLANG_WARN_INFINITE_RECURSION = YES;
				CLANG_WARN_INT_CONVERSION = YES;
				CLANG_WARN_OBJC_ROOT_CLASS = YES_ERROR;
				CLANG_WARN_SUSPICIOUS_MOVE = YES;
				CLANG_WARN_UNREACHABLE_CODE = YES;
				CLANG_WARN__DUPLICATE_METHOD_MATCH = YES;
				"CODE_SIGN_IDENTITY[sdk=iphoneos*]" = "iPhone Developer";
				COPY_PHASE_STRIP = NO;
				DEBUG_INFORMATION_FORMAT = dwarf;
				ENABLE_STRICT_OBJC_MSGSEND = YES;
				ENABLE_TESTABILITY = YES;
				GCC_C_LANGUAGE_STANDARD = gnu99;
				GCC_DYNAMIC_NO_PIC = NO;
				GCC_NO_COMMON_BLOCKS = YES;
				GCC_OPTIMIZATION_LEVEL = 0;
				GCC_PREPROCESSOR_DEFINITIONS = (
					"DEBUG=1",
					"$(inherited)",
				);
				GCC_WARN_64_TO_32_BIT_CONVERSION = YES;
				GCC_WARN_ABOUT_RETURN_TYPE = YES_ERROR;
				GCC_WARN_UNDECLARED_SELECTOR = YES;
				GCC_WARN_UNINITIALIZED_AUTOS = YES_AGGRESSIVE;
				GCC_WARN_UNUSED_FUNCTION = YES;
				GCC_WARN_UNUSED_VARIABLE = YES;
				IPHONEOS_DEPLOYMENT_TARGET = 10.3;
				MTL_ENABLE_DEBUG_INFO = YES;
				ONLY_ACTIVE_ARCH = YES;
				SDKROOT = iphoneos;
				SWIFT_ACTIVE_COMPILATION_CONDITIONS = DEBUG;
				SWIFT_OPTIMIZATION_LEVEL = "-Onone";
			};
			name = Debug;
		};
		ACD22E9A1F46461B0056E0D2 /* Release */ = {
			isa = XCBuildConfiguration;
			buildSettings = {
				ALWAYS_SEARCH_USER_PATHS = NO;
				CLANG_ANALYZER_NONNULL = YES;
				CLANG_ANALYZER_NUMBER_OBJECT_CONVERSION = YES_AGGRESSIVE;
				CLANG_CXX_LANGUAGE_STANDARD = "gnu++0x";
				CLANG_CXX_LIBRARY = "libc++";
				CLANG_ENABLE_MODULES = YES;
				CLANG_ENABLE_OBJC_ARC = YES;
				CLANG_WARN_BOOL_CONVERSION = YES;
				CLANG_WARN_CONSTANT_CONVERSION = YES;
				CLANG_WARN_DIRECT_OBJC_ISA_USAGE = YES_ERROR;
				CLANG_WARN_DOCUMENTATION_COMMENTS = YES;
				CLANG_WARN_EMPTY_BODY = YES;
				CLANG_WARN_ENUM_CONVERSION = YES;
				CLANG_WARN_INFINITE_RECURSION = YES;
				CLANG_WARN_INT_CONVERSION = YES;
				CLANG_WARN_OBJC_ROOT_CLASS = YES_ERROR;
				CLANG_WARN_SUSPICIOUS_MOVE = YES;
				CLANG_WARN_UNREACHABLE_CODE = YES;
				CLANG_WARN__DUPLICATE_METHOD_MATCH = YES;
				"CODE_SIGN_IDENTITY[sdk=iphoneos*]" = "iPhone Developer";
				COPY_PHASE_STRIP = NO;
				DEBUG_INFORMATION_FORMAT = "dwarf-with-dsym";
				ENABLE_NS_ASSERTIONS = NO;
				ENABLE_STRICT_OBJC_MSGSEND = YES;
				GCC_C_LANGUAGE_STANDARD = gnu99;
				GCC_NO_COMMON_BLOCKS = YES;
				GCC_WARN_64_TO_32_BIT_CONVERSION = YES;
				GCC_WARN_ABOUT_RETURN_TYPE = YES_ERROR;
				GCC_WARN_UNDECLARED_SELECTOR = YES;
				GCC_WARN_UNINITIALIZED_AUTOS = YES_AGGRESSIVE;
				GCC_WARN_UNUSED_FUNCTION = YES;
				GCC_WARN_UNUSED_VARIABLE = YES;
				IPHONEOS_DEPLOYMENT_TARGET = 10.3;
				MTL_ENABLE_DEBUG_INFO = NO;
				SDKROOT = iphoneos;
				SWIFT_OPTIMIZATION_LEVEL = "-Owholemodule";
				VALIDATE_PRODUCT = YES;
			};
			name = Release;
		};
		ACD22E9C1F46461B0056E0D2 /* Debug */ = {
			isa = XCBuildConfiguration;
			buildSettings = {
				ASSETCATALOG_COMPILER_APPICON_NAME = AppIcon;
				INFOPLIST_FILE = certreminder/Info.plist;
				LD_RUNPATH_SEARCH_PATHS = "$(inherited) @executable_path/Frameworks";
				PRODUCT_BUNDLE_IDENTIFIER = com.techforline.certreminder;
				PRODUCT_NAME = "$(TARGET_NAME)";
				SWIFT_VERSION = 3.0;
			};
			name = Debug;
		};
		ACD22E9D1F46461B0056E0D2 /* Release */ = {
			isa = XCBuildConfiguration;
			buildSettings = {
				ASSETCATALOG_COMPILER_APPICON_NAME = AppIcon;
				INFOPLIST_FILE = certreminder/Info.plist;
				LD_RUNPATH_SEARCH_PATHS = "$(inherited) @executable_path/Frameworks";
				PRODUCT_BUNDLE_IDENTIFIER = com.techforline.certreminder;
				PRODUCT_NAME = "$(TARGET_NAME)";
				SWIFT_VERSION = 3.0;
			};
			name = Release;
		};
/* End XCBuildConfiguration section */

/* Begin XCConfigurationList section */
		ACD22E841F46461B0056E0D2 /* Build configuration list for PBXProject "certreminder" */ = {
			isa = XCConfigurationList;
			buildConfigurations = (
				ACD22E991F46461B0056E0D2 /* Debug */,
				ACD22E9A1F46461B0056E0D2 /* Release */,
			);
			defaultConfigurationIsVisible = 0;
			defaultConfigurationName = Release;
		};
		ACD22E9B1F46461B0056E0D2 /* Build configuration list for PBXNativeTarget "certreminder" */ = {
			isa = XCConfigurationList;
			buildConfigurations = (
				ACD22E9C1F46461B0056E0D2 /* Debug */,
				ACD22E9D1F46461B0056E0D2 /* Release */,
			);
			defaultConfigurationIsVisible = 0;
		};
/* End XCConfigurationList section */
	};
	rootObject = ACD22E811F46461B0056E0D2 /* Project object */;
}
