PODS:
  - Alamofire (4.4.0)
  - SwiftKeychainWrapper (3.0.1)

DEPENDENCIES:
  - Alamofire
  - SwiftKeychainWrapper

SPEC CHECKSUMS:
  Alamofire: dc44b1600b800eb63da6a19039a0083d62a6a62d
  SwiftKeychainWrapper: 38952a3636320ae61bad3513cadd870929de7a4a

PODFILE CHECKSUM: ba0936b8b24e95ad654791e7d81f9235f599fe27

COCOAPODS: 1.2.1
